// !$*UTF8*$!
{
	archiveVersion = 1;
	classes = {
	};
	objectVersion = 46;
	objects = {

/* Begin PBXBuildFile section */
		870ABAA9203E34C200956A7C /* LogOutViewController.swift in Sources */ = {isa = PBXBuildFile; fileRef = 870ABAA8203E34C200956A7C /* LogOutViewController.swift */; };
		871BA9AA203CC95900D341F4 /* HomeViewController.swift in Sources */ = {isa = PBXBuildFile; fileRef = 871BA9A9203CC95900D341F4 /* HomeViewController.swift */; };
		871BA9AC203CE10400D341F4 /* ImportImageViewController.swift in Sources */ = {isa = PBXBuildFile; fileRef = 871BA9AB203CE10400D341F4 /* ImportImageViewController.swift */; };
		8743642D203BC8E900A14B6D /* LoginViewController.swift in Sources */ = {isa = PBXBuildFile; fileRef = 8743642C203BC8E900A14B6D /* LoginViewController.swift */; };
		876451CA203F9EF600D78EE7 /* PostCell.swift in Sources */ = {isa = PBXBuildFile; fileRef = 876451C9203F9EF600D78EE7 /* PostCell.swift */; };
		87E4C80E203B8FE500548DA4 /* AppDelegate.swift in Sources */ = {isa = PBXBuildFile; fileRef = 87E4C80D203B8FE500548DA4 /* AppDelegate.swift */; };
		87E4C810203B8FE500548DA4 /* ViewController.swift in Sources */ = {isa = PBXBuildFile; fileRef = 87E4C80F203B8FE500548DA4 /* ViewController.swift */; };
		87E4C813203B8FE500548DA4 /* Main.storyboard in Resources */ = {isa = PBXBuildFile; fileRef = 87E4C811203B8FE500548DA4 /* Main.storyboard */; };
		87E4C815203B8FE500548DA4 /* Assets.xcassets in Resources */ = {isa = PBXBuildFile; fileRef = 87E4C814203B8FE500548DA4 /* Assets.xcassets */; };
		87E4C818203B8FE500548DA4 /* LaunchScreen.storyboard in Resources */ = {isa = PBXBuildFile; fileRef = 87E4C816203B8FE500548DA4 /* LaunchScreen.storyboard */; };
		87E4C823203B8FE500548DA4 /* instagramTests.swift in Sources */ = {isa = PBXBuildFile; fileRef = 87E4C822203B8FE500548DA4 /* instagramTests.swift */; };
		87E4C82E203B8FE500548DA4 /* instagramUITests.swift in Sources */ = {isa = PBXBuildFile; fileRef = 87E4C82D203B8FE500548DA4 /* instagramUITests.swift */; };
		8BD796635A46507D38EFD2D8 /* Pods_instagramUITests.framework in Frameworks */ = {isa = PBXBuildFile; fileRef = 8AE54F935E4E4A29A503A977 /* Pods_instagramUITests.framework */; };
		8CB574176B2E2328F38AE9A3 /* Pods_instagram.framework in Frameworks */ = {isa = PBXBuildFile; fileRef = 2954C98B00AB13884866DF05 /* Pods_instagram.framework */; };
		D28C49FF7EAF7B8CA9254D7F /* Pods_instagramTests.framework in Frameworks */ = {isa = PBXBuildFile; fileRef = 7F0D8FBDE4010A73FE86B0B4 /* Pods_instagramTests.framework */; };
/* End PBXBuildFile section */

/* Begin PBXContainerItemProxy section */
		87E4C81F203B8FE500548DA4 /* PBXContainerItemProxy */ = {
			isa = PBXContainerItemProxy;
			containerPortal = 87E4C802203B8FE500548DA4 /* Project object */;
			proxyType = 1;
			remoteGlobalIDString = 87E4C809203B8FE500548DA4;
			remoteInfo = instagram;
		};
		87E4C82A203B8FE500548DA4 /* PBXContainerItemProxy */ = {
			isa = PBXContainerItemProxy;
			containerPortal = 87E4C802203B8FE500548DA4 /* Project object */;
			proxyType = 1;
			remoteGlobalIDString = 87E4C809203B8FE500548DA4;
			remoteInfo = instagram;
		};
/* End PBXContainerItemProxy section */

/* Begin PBXFileReference section */
		1EEBB784FF387ED84C97ADC2 /* Pods-instagramTests.release.xcconfig */ = {isa = PBXFileReference; includeInIndex = 1; lastKnownFileType = text.xcconfig; name = "Pods-instagramTests.release.xcconfig"; path = "Pods/Target Support Files/Pods-instagramTests/Pods-instagramTests.release.xcconfig"; sourceTree = "<group>"; };
		2954C98B00AB13884866DF05 /* Pods_instagram.framework */ = {isa = PBXFileReference; explicitFileType = wrapper.framework; includeInIndex = 0; path = Pods_instagram.framework; sourceTree = BUILT_PRODUCTS_DIR; };
		7F0D8FBDE4010A73FE86B0B4 /* Pods_instagramTests.framework */ = {isa = PBXFileReference; explicitFileType = wrapper.framework; includeInIndex = 0; path = Pods_instagramTests.framework; sourceTree = BUILT_PRODUCTS_DIR; };
		870ABAA8203E34C200956A7C /* LogOutViewController.swift */ = {isa = PBXFileReference; fileEncoding = 4; lastKnownFileType = sourcecode.swift; path = LogOutViewController.swift; sourceTree = "<group>"; };
		871BA9A9203CC95900D341F4 /* HomeViewController.swift */ = {isa = PBXFileReference; fileEncoding = 4; lastKnownFileType = sourcecode.swift; path = HomeViewController.swift; sourceTree = "<group>"; };
		871BA9AB203CE10400D341F4 /* ImportImageViewController.swift */ = {isa = PBXFileReference; fileEncoding = 4; lastKnownFileType = sourcecode.swift; path = ImportImageViewController.swift; sourceTree = "<group>"; };
		8743642C203BC8E900A14B6D /* LoginViewController.swift */ = {isa = PBXFileReference; fileEncoding = 4; lastKnownFileType = sourcecode.swift; path = LoginViewController.swift; sourceTree = "<group>"; };
		875F38FCA78CE0DE3436FACD /* Pods-instagramUITests.release.xcconfig */ = {isa = PBXFileReference; includeInIndex = 1; lastKnownFileType = text.xcconfig; name = "Pods-instagramUITests.release.xcconfig"; path = "Pods/Target Support Files/Pods-instagramUITests/Pods-instagramUITests.release.xcconfig"; sourceTree = "<group>"; };
		876451C9203F9EF600D78EE7 /* PostCell.swift */ = {isa = PBXFileReference; fileEncoding = 4; lastKnownFileType = sourcecode.swift; path = PostCell.swift; sourceTree = "<group>"; };
		87E4C80A203B8FE500548DA4 /* instagram.app */ = {isa = PBXFileReference; explicitFileType = wrapper.application; includeInIndex = 0; path = instagram.app; sourceTree = BUILT_PRODUCTS_DIR; };
		87E4C80D203B8FE500548DA4 /* AppDelegate.swift */ = {isa = PBXFileReference; lastKnownFileType = sourcecode.swift; path = AppDelegate.swift; sourceTree = "<group>"; };
		87E4C80F203B8FE500548DA4 /* ViewController.swift */ = {isa = PBXFileReference; lastKnownFileType = sourcecode.swift; path = ViewController.swift; sourceTree = "<group>"; };
		87E4C812203B8FE500548DA4 /* Base */ = {isa = PBXFileReference; lastKnownFileType = file.storyboard; name = Base; path = Base.lproj/Main.storyboard; sourceTree = "<group>"; };
		87E4C814203B8FE500548DA4 /* Assets.xcassets */ = {isa = PBXFileReference; lastKnownFileType = folder.assetcatalog; path = Assets.xcassets; sourceTree = "<group>"; };
		87E4C817203B8FE500548DA4 /* Base */ = {isa = PBXFileReference; lastKnownFileType = file.storyboard; name = Base; path = Base.lproj/LaunchScreen.storyboard; sourceTree = "<group>"; };
		87E4C819203B8FE500548DA4 /* Info.plist */ = {isa = PBXFileReference; lastKnownFileType = text.plist.xml; path = Info.plist; sourceTree = "<group>"; };
		87E4C81E203B8FE500548DA4 /* instagramTests.xctest */ = {isa = PBXFileReference; explicitFileType = wrapper.cfbundle; includeInIndex = 0; path = instagramTests.xctest; sourceTree = BUILT_PRODUCTS_DIR; };
		87E4C822203B8FE500548DA4 /* instagramTests.swift */ = {isa = PBXFileReference; lastKnownFileType = sourcecode.swift; path = instagramTests.swift; sourceTree = "<group>"; };
		87E4C824203B8FE500548DA4 /* Info.plist */ = {isa = PBXFileReference; lastKnownFileType = text.plist.xml; path = Info.plist; sourceTree = "<group>"; };
		87E4C829203B8FE500548DA4 /* instagramUITests.xctest */ = {isa = PBXFileReference; explicitFileType = wrapper.cfbundle; includeInIndex = 0; path = instagramUITests.xctest; sourceTree = BUILT_PRODUCTS_DIR; };
		87E4C82D203B8FE500548DA4 /* instagramUITests.swift */ = {isa = PBXFileReference; lastKnownFileType = sourcecode.swift; path = instagramUITests.swift; sourceTree = "<group>"; };
		87E4C82F203B8FE500548DA4 /* Info.plist */ = {isa = PBXFileReference; lastKnownFileType = text.plist.xml; path = Info.plist; sourceTree = "<group>"; };
		8AE54F935E4E4A29A503A977 /* Pods_instagramUITests.framework */ = {isa = PBXFileReference; explicitFileType = wrapper.framework; includeInIndex = 0; path = Pods_instagramUITests.framework; sourceTree = BUILT_PRODUCTS_DIR; };
		998722066D3D487E39EDADC3 /* Pods-instagramTests.debug.xcconfig */ = {isa = PBXFileReference; includeInIndex = 1; lastKnownFileType = text.xcconfig; name = "Pods-instagramTests.debug.xcconfig"; path = "Pods/Target Support Files/Pods-instagramTests/Pods-instagramTests.debug.xcconfig"; sourceTree = "<group>"; };
		E8C4AA0752A9380F37011D70 /* Pods-instagramUITests.debug.xcconfig */ = {isa = PBXFileReference; includeInIndex = 1; lastKnownFileType = text.xcconfig; name = "Pods-instagramUITests.debug.xcconfig"; path = "Pods/Target Support Files/Pods-instagramUITests/Pods-instagramUITests.debug.xcconfig"; sourceTree = "<group>"; };
		F604E2FEB1F47612AAD02AAE /* Pods-instagram.debug.xcconfig */ = {isa = PBXFileReference; includeInIndex = 1; lastKnownFileType = text.xcconfig; name = "Pods-instagram.debug.xcconfig"; path = "Pods/Target Support Files/Pods-instagram/Pods-instagram.debug.xcconfig"; sourceTree = "<group>"; };
		F60A5137410DB61D6E5508F9 /* Pods-instagram.release.xcconfig */ = {isa = PBXFileReference; includeInIndex = 1; lastKnownFileType = text.xcconfig; name = "Pods-instagram.release.xcconfig"; path = "Pods/Target Support Files/Pods-instagram/Pods-instagram.release.xcconfig"; sourceTree = "<group>"; };
/* End PBXFileReference section */

/* Begin PBXFrameworksBuildPhase section */
		87E4C807203B8FE500548DA4 /* Frameworks */ = {
			isa = PBXFrameworksBuildPhase;
			buildActionMask = 2147483647;
			files = (
				8CB574176B2E2328F38AE9A3 /* Pods_instagram.framework in Frameworks */,
			);
			runOnlyForDeploymentPostprocessing = 0;
		};
		87E4C81B203B8FE500548DA4 /* Frameworks */ = {
			isa = PBXFrameworksBuildPhase;
			buildActionMask = 2147483647;
			files = (
				D28C49FF7EAF7B8CA9254D7F /* Pods_instagramTests.framework in Frameworks */,
			);
			runOnlyForDeploymentPostprocessing = 0;
		};
		87E4C826203B8FE500548DA4 /* Frameworks */ = {
			isa = PBXFrameworksBuildPhase;
			buildActionMask = 2147483647;
			files = (
				8BD796635A46507D38EFD2D8 /* Pods_instagramUITests.framework in Frameworks */,
			);
			runOnlyForDeploymentPostprocessing = 0;
		};
/* End PBXFrameworksBuildPhase section */

/* Begin PBXGroup section */
		8743642B203BC89A00A14B6D /* ViewController */ = {
			isa = PBXGroup;
			children = (
				8743642C203BC8E900A14B6D /* LoginViewController.swift */,
				871BA9A9203CC95900D341F4 /* HomeViewController.swift */,
				871BA9AB203CE10400D341F4 /* ImportImageViewController.swift */,
				870ABAA8203E34C200956A7C /* LogOutViewController.swift */,
			);
			name = ViewController;
			sourceTree = "<group>";
		};
		876451C8203F9EC000D78EE7 /* View */ = {
			isa = PBXGroup;
			children = (
				876451C9203F9EF600D78EE7 /* PostCell.swift */,
			);
			name = View;
			sourceTree = "<group>";
		};
		87E4C801203B8FE500548DA4 = {
			isa = PBXGroup;
			children = (
				87E4C80C203B8FE500548DA4 /* instagram */,
				87E4C821203B8FE500548DA4 /* instagramTests */,
				87E4C82C203B8FE500548DA4 /* instagramUITests */,
				87E4C80B203B8FE500548DA4 /* Products */,
				FEEF19BE33BB2E830AA415E7 /* Pods */,
				C30B3B7650AF988C71905C16 /* Frameworks */,
			);
			sourceTree = "<group>";
		};
		87E4C80B203B8FE500548DA4 /* Products */ = {
			isa = PBXGroup;
			children = (
				87E4C80A203B8FE500548DA4 /* instagram.app */,
				87E4C81E203B8FE500548DA4 /* instagramTests.xctest */,
				87E4C829203B8FE500548DA4 /* instagramUITests.xctest */,
			);
			name = Products;
			sourceTree = "<group>";
		};
		87E4C80C203B8FE500548DA4 /* instagram */ = {
			isa = PBXGroup;
			children = (
				876451C8203F9EC000D78EE7 /* View */,
				8743642B203BC89A00A14B6D /* ViewController */,
				87E4C80D203B8FE500548DA4 /* AppDelegate.swift */,
				87E4C80F203B8FE500548DA4 /* ViewController.swift */,
				87E4C811203B8FE500548DA4 /* Main.storyboard */,
				87E4C814203B8FE500548DA4 /* Assets.xcassets */,
				87E4C816203B8FE500548DA4 /* LaunchScreen.storyboard */,
				87E4C819203B8FE500548DA4 /* Info.plist */,
			);
			path = instagram;
			sourceTree = "<group>";
		};
		87E4C821203B8FE500548DA4 /* instagramTests */ = {
			isa = PBXGroup;
			children = (
				87E4C822203B8FE500548DA4 /* instagramTests.swift */,
				87E4C824203B8FE500548DA4 /* Info.plist */,
			);
			path = instagramTests;
			sourceTree = "<group>";
		};
		87E4C82C203B8FE500548DA4 /* instagramUITests */ = {
			isa = PBXGroup;
			children = (
				87E4C82D203B8FE500548DA4 /* instagramUITests.swift */,
				87E4C82F203B8FE500548DA4 /* Info.plist */,
			);
			path = instagramUITests;
			sourceTree = "<group>";
		};
		C30B3B7650AF988C71905C16 /* Frameworks */ = {
			isa = PBXGroup;
			children = (
				2954C98B00AB13884866DF05 /* Pods_instagram.framework */,
				7F0D8FBDE4010A73FE86B0B4 /* Pods_instagramTests.framework */,
				8AE54F935E4E4A29A503A977 /* Pods_instagramUITests.framework */,
			);
			name = Frameworks;
			sourceTree = "<group>";
		};
		FEEF19BE33BB2E830AA415E7 /* Pods */ = {
			isa = PBXGroup;
			children = (
				F604E2FEB1F47612AAD02AAE /* Pods-instagram.debug.xcconfig */,
				F60A5137410DB61D6E5508F9 /* Pods-instagram.release.xcconfig */,
				998722066D3D487E39EDADC3 /* Pods-instagramTests.debug.xcconfig */,
				1EEBB784FF387ED84C97ADC2 /* Pods-instagramTests.release.xcconfig */,
				E8C4AA0752A9380F37011D70 /* Pods-instagramUITests.debug.xcconfig */,
				875F38FCA78CE0DE3436FACD /* Pods-instagramUITests.release.xcconfig */,
			);
			name = Pods;
			sourceTree = "<group>";
		};
/* End PBXGroup section */

/* Begin PBXNativeTarget section */
		87E4C809203B8FE500548DA4 /* instagram */ = {
			isa = PBXNativeTarget;
			buildConfigurationList = 87E4C832203B8FE500548DA4 /* Build configuration list for PBXNativeTarget "instagram" */;
			buildPhases = (
				3EE05B44AD5245DA0A1DD036 /* [CP] Check Pods Manifest.lock */,
				87E4C806203B8FE500548DA4 /* Sources */,
				87E4C807203B8FE500548DA4 /* Frameworks */,
				87E4C808203B8FE500548DA4 /* Resources */,
				FE82F9CC3D83DBFE85487AE4 /* [CP] Embed Pods Frameworks */,
				FC62A6785C6CE971B8FA6B20 /* [CP] Copy Pods Resources */,
			);
			buildRules = (
			);
			dependencies = (
			);
			name = instagram;
			productName = instagram;
			productReference = 87E4C80A203B8FE500548DA4 /* instagram.app */;
			productType = "com.apple.product-type.application";
		};
		87E4C81D203B8FE500548DA4 /* instagramTests */ = {
			isa = PBXNativeTarget;
			buildConfigurationList = 87E4C835203B8FE500548DA4 /* Build configuration list for PBXNativeTarget "instagramTests" */;
			buildPhases = (
				1D3C1E17E95D353F53754653 /* [CP] Check Pods Manifest.lock */,
				87E4C81A203B8FE500548DA4 /* Sources */,
				87E4C81B203B8FE500548DA4 /* Frameworks */,
				87E4C81C203B8FE500548DA4 /* Resources */,
				A7834E59F7EF66AEF36ACC48 /* [CP] Embed Pods Frameworks */,
				71F7DB355505C2629553D1FC /* [CP] Copy Pods Resources */,
			);
			buildRules = (
			);
			dependencies = (
				87E4C820203B8FE500548DA4 /* PBXTargetDependency */,
			);
			name = instagramTests;
			productName = instagramTests;
			productReference = 87E4C81E203B8FE500548DA4 /* instagramTests.xctest */;
			productType = "com.apple.product-type.bundle.unit-test";
		};
		87E4C828203B8FE500548DA4 /* instagramUITests */ = {
			isa = PBXNativeTarget;
			buildConfigurationList = 87E4C838203B8FE500548DA4 /* Build configuration list for PBXNativeTarget "instagramUITests" */;
			buildPhases = (
				7B4408A603548521D727AC89 /* [CP] Check Pods Manifest.lock */,
				87E4C825203B8FE500548DA4 /* Sources */,
				87E4C826203B8FE500548DA4 /* Frameworks */,
				87E4C827203B8FE500548DA4 /* Resources */,
				CC4F6206440AAA62C086B9DD /* [CP] Embed Pods Frameworks */,
				8C4FE738325CDCDF4AB6CC1D /* [CP] Copy Pods Resources */,
			);
			buildRules = (
			);
			dependencies = (
				87E4C82B203B8FE500548DA4 /* PBXTargetDependency */,
			);
			name = instagramUITests;
			productName = instagramUITests;
			productReference = 87E4C829203B8FE500548DA4 /* instagramUITests.xctest */;
			productType = "com.apple.product-type.bundle.ui-testing";
		};
/* End PBXNativeTarget section */

/* Begin PBXProject section */
		87E4C802203B8FE500548DA4 /* Project object */ = {
			isa = PBXProject;
			attributes = {
				LastSwiftUpdateCheck = 0830;
				LastUpgradeCheck = 0830;
				ORGANIZATIONNAME = "Thalia Villalobos";
				TargetAttributes = {
					87E4C809203B8FE500548DA4 = {
						CreatedOnToolsVersion = 8.3.3;
						ProvisioningStyle = Automatic;
					};
					87E4C81D203B8FE500548DA4 = {
						CreatedOnToolsVersion = 8.3.3;
						ProvisioningStyle = Automatic;
						TestTargetID = 87E4C809203B8FE500548DA4;
					};
					87E4C828203B8FE500548DA4 = {
						CreatedOnToolsVersion = 8.3.3;
						ProvisioningStyle = Automatic;
						TestTargetID = 87E4C809203B8FE500548DA4;
					};
				};
			};
			buildConfigurationList = 87E4C805203B8FE500548DA4 /* Build configuration list for PBXProject "instagram" */;
			compatibilityVersion = "Xcode 3.2";
			developmentRegion = English;
			hasScannedForEncodings = 0;
			knownRegions = (
				en,
				Base,
			);
			mainGroup = 87E4C801203B8FE500548DA4;
			productRefGroup = 87E4C80B203B8FE500548DA4 /* Products */;
			projectDirPath = "";
			projectRoot = "";
			targets = (
				87E4C809203B8FE500548DA4 /* instagram */,
				87E4C81D203B8FE500548DA4 /* instagramTests */,
				87E4C828203B8FE500548DA4 /* instagramUITests */,
			);
		};
/* End PBXProject section */

/* Begin PBXResourcesBuildPhase section */
		87E4C808203B8FE500548DA4 /* Resources */ = {
			isa = PBXResourcesBuildPhase;
			buildActionMask = 2147483647;
			files = (
				87E4C818203B8FE500548DA4 /* LaunchScreen.storyboard in Resources */,
				87E4C815203B8FE500548DA4 /* Assets.xcassets in Resources */,
				87E4C813203B8FE500548DA4 /* Main.storyboard in Resources */,
			);
			runOnlyForDeploymentPostprocessing = 0;
		};
		87E4C81C203B8FE500548DA4 /* Resources */ = {
			isa = PBXResourcesBuildPhase;
			buildActionMask = 2147483647;
			files = (
			);
			runOnlyForDeploymentPostprocessing = 0;
		};
		87E4C827203B8FE500548DA4 /* Resources */ = {
			isa = PBXResourcesBuildPhase;
			buildActionMask = 2147483647;
			files = (
			);
			runOnlyForDeploymentPostprocessing = 0;
		};
/* End PBXResourcesBuildPhase section */

/* Begin PBXShellScriptBuildPhase section */
		1D3C1E17E95D353F53754653 /* [CP] Check Pods Manifest.lock */ = {
			isa = PBXShellScriptBuildPhase;
			buildActionMask = 2147483647;
			files = (
			);
			inputPaths = (
			);
			name = "[CP] Check Pods Manifest.lock";
			outputPaths = (
			);
			runOnlyForDeploymentPostprocessing = 0;
			shellPath = /bin/sh;
			shellScript = "diff \"${PODS_ROOT}/../Podfile.lock\" \"${PODS_ROOT}/Manifest.lock\" > /dev/null\nif [ $? != 0 ] ; then\n    # print error to STDERR\n    echo \"error: The sandbox is not in sync with the Podfile.lock. Run 'pod install' or update your CocoaPods installation.\" >&2\n    exit 1\nfi\n";
			showEnvVarsInLog = 0;
		};
		3EE05B44AD5245DA0A1DD036 /* [CP] Check Pods Manifest.lock */ = {
			isa = PBXShellScriptBuildPhase;
			buildActionMask = 2147483647;
			files = (
			);
			inputPaths = (
			);
			name = "[CP] Check Pods Manifest.lock";
			outputPaths = (
			);
			runOnlyForDeploymentPostprocessing = 0;
			shellPath = /bin/sh;
			shellScript = "diff \"${PODS_ROOT}/../Podfile.lock\" \"${PODS_ROOT}/Manifest.lock\" > /dev/null\nif [ $? != 0 ] ; then\n    # print error to STDERR\n    echo \"error: The sandbox is not in sync with the Podfile.lock. Run 'pod install' or update your CocoaPods installation.\" >&2\n    exit 1\nfi\n";
			showEnvVarsInLog = 0;
		};
		71F7DB355505C2629553D1FC /* [CP] Copy Pods Resources */ = {
			isa = PBXShellScriptBuildPhase;
			buildActionMask = 2147483647;
			files = (
			);
			inputPaths = (
			);
			name = "[CP] Copy Pods Resources";
			outputPaths = (
			);
			runOnlyForDeploymentPostprocessing = 0;
			shellPath = /bin/sh;
			shellScript = "\"${SRCROOT}/Pods/Target Support Files/Pods-instagramTests/Pods-instagramTests-resources.sh\"\n";
			showEnvVarsInLog = 0;
		};
		7B4408A603548521D727AC89 /* [CP] Check Pods Manifest.lock */ = {
			isa = PBXShellScriptBuildPhase;
			buildActionMask = 2147483647;
			files = (
			);
			inputPaths = (
			);
			name = "[CP] Check Pods Manifest.lock";
			outputPaths = (
			);
			runOnlyForDeploymentPostprocessing = 0;
			shellPath = /bin/sh;
			shellScript = "diff \"${PODS_ROOT}/../Podfile.lock\" \"${PODS_ROOT}/Manifest.lock\" > /dev/null\nif [ $? != 0 ] ; then\n    # print error to STDERR\n    echo \"error: The sandbox is not in sync with the Podfile.lock. Run 'pod install' or update your CocoaPods installation.\" >&2\n    exit 1\nfi\n";
			showEnvVarsInLog = 0;
		};
		8C4FE738325CDCDF4AB6CC1D /* [CP] Copy Pods Resources */ = {
			isa = PBXShellScriptBuildPhase;
			buildActionMask = 2147483647;
			files = (
			);
			inputPaths = (
			);
			name = "[CP] Copy Pods Resources";
			outputPaths = (
			);
			runOnlyForDeploymentPostprocessing = 0;
			shellPath = /bin/sh;
			shellScript = "\"${SRCROOT}/Pods/Target Support Files/Pods-instagramUITests/Pods-instagramUITests-resources.sh\"\n";
			showEnvVarsInLog = 0;
		};
		A7834E59F7EF66AEF36ACC48 /* [CP] Embed Pods Frameworks */ = {
			isa = PBXShellScriptBuildPhase;
			buildActionMask = 2147483647;
			files = (
			);
			inputPaths = (
			);
			name = "[CP] Embed Pods Frameworks";
			outputPaths = (
			);
			runOnlyForDeploymentPostprocessing = 0;
			shellPath = /bin/sh;
			shellScript = "\"${SRCROOT}/Pods/Target Support Files/Pods-instagramTests/Pods-instagramTests-frameworks.sh\"\n";
			showEnvVarsInLog = 0;
		};
		CC4F6206440AAA62C086B9DD /* [CP] Embed Pods Frameworks */ = {
			isa = PBXShellScriptBuildPhase;
			buildActionMask = 2147483647;
			files = (
			);
			inputPaths = (
			);
			name = "[CP] Embed Pods Frameworks";
			outputPaths = (
			);
			runOnlyForDeploymentPostprocessing = 0;
			shellPath = /bin/sh;
			shellScript = "\"${SRCROOT}/Pods/Target Support Files/Pods-instagramUITests/Pods-instagramUITests-frameworks.sh\"\n";
			showEnvVarsInLog = 0;
		};
		FC62A6785C6CE971B8FA6B20 /* [CP] Copy Pods Resources */ = {
			isa = PBXShellScriptBuildPhase;
			buildActionMask = 2147483647;
			files = (
			);
			inputPaths = (
			);
			name = "[CP] Copy Pods Resources";
			outputPaths = (
			);
			runOnlyForDeploymentPostprocessing = 0;
			shellPath = /bin/sh;
			shellScript = "\"${SRCROOT}/Pods/Target Support Files/Pods-instagram/Pods-instagram-resources.sh\"\n";
			showEnvVarsInLog = 0;
		};
		FE82F9CC3D83DBFE85487AE4 /* [CP] Embed Pods Frameworks */ = {
			isa = PBXShellScriptBuildPhase;
			buildActionMask = 2147483647;
			files = (
			);
			inputPaths = (
			);
			name = "[CP] Embed Pods Frameworks";
			outputPaths = (
			);
			runOnlyForDeploymentPostprocessing = 0;
			shellPath = /bin/sh;
			shellScript = "\"${SRCROOT}/Pods/Target Support Files/Pods-instagram/Pods-instagram-frameworks.sh\"\n";
			showEnvVarsInLog = 0;
		};
/* End PBXShellScriptBuildPhase section */

/* Begin PBXSourcesBuildPhase section */
		87E4C806203B8FE500548DA4 /* Sources */ = {
			isa = PBXSourcesBuildPhase;
			buildActionMask = 2147483647;
			files = (
				876451CA203F9EF600D78EE7 /* PostCell.swift in Sources */,
				870ABAA9203E34C200956A7C /* LogOutViewController.swift in Sources */,
				8743642D203BC8E900A14B6D /* LoginViewController.swift in Sources */,
				87E4C810203B8FE500548DA4 /* ViewController.swift in Sources */,
				871BA9AC203CE10400D341F4 /* ImportImageViewController.swift in Sources */,
				87E4C80E203B8FE500548DA4 /* AppDelegate.swift in Sources */,
				871BA9AA203CC95900D341F4 /* HomeViewController.swift in Sources */,
			);
			runOnlyForDeploymentPostprocessing = 0;
		};
		87E4C81A203B8FE500548DA4 /* Sources */ = {
			isa = PBXSourcesBuildPhase;
			buildActionMask = 2147483647;
			files = (
				87E4C823203B8FE500548DA4 /* instagramTests.swift in Sources */,
			);
			runOnlyForDeploymentPostprocessing = 0;
		};
		87E4C825203B8FE500548DA4 /* Sources */ = {
			isa = PBXSourcesBuildPhase;
			buildActionMask = 2147483647;
			files = (
				87E4C82E203B8FE500548DA4 /* instagramUITests.swift in Sources */,
			);
			runOnlyForDeploymentPostprocessing = 0;
		};
/* End PBXSourcesBuildPhase section */

/* Begin PBXTargetDependency section */
		87E4C820203B8FE500548DA4 /* PBXTargetDependency */ = {
			isa = PBXTargetDependency;
			target = 87E4C809203B8FE500548DA4 /* instagram */;
			targetProxy = 87E4C81F203B8FE500548DA4 /* PBXContainerItemProxy */;
		};
		87E4C82B203B8FE500548DA4 /* PBXTargetDependency */ = {
			isa = PBXTargetDependency;
			target = 87E4C809203B8FE500548DA4 /* instagram */;
			targetProxy = 87E4C82A203B8FE500548DA4 /* PBXContainerItemProxy */;
		};
/* End PBXTargetDependency section */

/* Begin PBXVariantGroup section */
		87E4C811203B8FE500548DA4 /* Main.storyboard */ = {
			isa = PBXVariantGroup;
			children = (
				87E4C812203B8FE500548DA4 /* Base */,
			);
			name = Main.storyboard;
			sourceTree = "<group>";
		};
		87E4C816203B8FE500548DA4 /* LaunchScreen.storyboard */ = {
			isa = PBXVariantGroup;
			children = (
				87E4C817203B8FE500548DA4 /* Base */,
			);
			name = LaunchScreen.storyboard;
			sourceTree = "<group>";
		};
/* End PBXVariantGroup section */

/* Begin XCBuildConfiguration section */
		87E4C830203B8FE500548DA4 /* Debug */ = {
			isa = XCBuildConfiguration;
			buildSettings = {
				ALWAYS_SEARCH_USER_PATHS = NO;
				CLANG_ANALYZER_NONNULL = YES;
				CLANG_ANALYZER_NUMBER_OBJECT_CONVERSION = YES_AGGRESSIVE;
				CLANG_CXX_LANGUAGE_STANDARD = "gnu++0x";
				CLANG_CXX_LIBRARY = "libc++";
				CLANG_ENABLE_MODULES = YES;
				CLANG_ENABLE_OBJC_ARC = YES;
				CLANG_WARN_BOOL_CONVERSION = YES;
				CLANG_WARN_CONSTANT_CONVERSION = YES;
				CLANG_WARN_DIRECT_OBJC_ISA_USAGE = YES_ERROR;
				CLANG_WARN_DOCUMENTATION_COMMENTS = YES;
				CLANG_WARN_EMPTY_BODY = YES;
				CLANG_WARN_ENUM_CONVERSION = YES;
				CLANG_WARN_INFINITE_RECURSION = YES;
				CLANG_WARN_INT_CONVERSION = YES;
				CLANG_WARN_OBJC_ROOT_CLASS = YES_ERROR;
				CLANG_WARN_SUSPICIOUS_MOVE = YES;
				CLANG_WARN_UNREACHABLE_CODE = YES;
				CLANG_WARN__DUPLICATE_METHOD_MATCH = YES;
				"CODE_SIGN_IDENTITY[sdk=iphoneos*]" = "iPhone Developer";
				COPY_PHASE_STRIP = NO;
				DEBUG_INFORMATION_FORMAT = dwarf;
				ENABLE_STRICT_OBJC_MSGSEND = YES;
				ENABLE_TESTABILITY = YES;
				GCC_C_LANGUAGE_STANDARD = gnu99;
				GCC_DYNAMIC_NO_PIC = NO;
				GCC_NO_COMMON_BLOCKS = YES;
				GCC_OPTIMIZATION_LEVEL = 0;
				GCC_PREPROCESSOR_DEFINITIONS = (
					"DEBUG=1",
					"$(inherited)",
				);
				GCC_WARN_64_TO_32_BIT_CONVERSION = YES;
				GCC_WARN_ABOUT_RETURN_TYPE = YES_ERROR;
				GCC_WARN_UNDECLARED_SELECTOR = YES;
				GCC_WARN_UNINITIALIZED_AUTOS = YES_AGGRESSIVE;
				GCC_WARN_UNUSED_FUNCTION = YES;
				GCC_WARN_UNUSED_VARIABLE = YES;
				IPHONEOS_DEPLOYMENT_TARGET = 10.3;
				MTL_ENABLE_DEBUG_INFO = YES;
				ONLY_ACTIVE_ARCH = YES;
				SDKROOT = iphoneos;
				SWIFT_ACTIVE_COMPILATION_CONDITIONS = DEBUG;
				SWIFT_OPTIMIZATION_LEVEL = "-Onone";
			};
			name = Debug;
		};
		87E4C831203B8FE500548DA4 /* Release */ = {
			isa = XCBuildConfiguration;
			buildSettings = {
				ALWAYS_SEARCH_USER_PATHS = NO;
				CLANG_ANALYZER_NONNULL = YES;
				CLANG_ANALYZER_NUMBER_OBJECT_CONVERSION = YES_AGGRESSIVE;
				CLANG_CXX_LANGUAGE_STANDARD = "gnu++0x";
				CLANG_CXX_LIBRARY = "libc++";
				CLANG_ENABLE_MODULES = YES;
				CLANG_ENABLE_OBJC_ARC = YES;
				CLANG_WARN_BOOL_CONVERSION = YES;
				CLANG_WARN_CONSTANT_CONVERSION = YES;
				CLANG_WARN_DIRECT_OBJC_ISA_USAGE = YES_ERROR;
				CLANG_WARN_DOCUMENTATION_COMMENTS = YES;
				CLANG_WARN_EMPTY_BODY = YES;
				CLANG_WARN_ENUM_CONVERSION = YES;
				CLANG_WARN_INFINITE_RECURSION = YES;
				CLANG_WARN_INT_CONVERSION = YES;
				CLANG_WARN_OBJC_ROOT_CLASS = YES_ERROR;
				CLANG_WARN_SUSPICIOUS_MOVE = YES;
				CLANG_WARN_UNREACHABLE_CODE = YES;
				CLANG_WARN__DUPLICATE_METHOD_MATCH = YES;
				"CODE_SIGN_IDENTITY[sdk=iphoneos*]" = "iPhone Developer";
				COPY_PHASE_STRIP = NO;
				DEBUG_INFORMATION_FORMAT = "dwarf-with-dsym";
				ENABLE_NS_ASSERTIONS = NO;
				ENABLE_STRICT_OBJC_MSGSEND = YES;
				GCC_C_LANGUAGE_STANDARD = gnu99;
				GCC_NO_COMMON_BLOCKS = YES;
				GCC_WARN_64_TO_32_BIT_CONVERSION = YES;
				GCC_WARN_ABOUT_RETURN_TYPE = YES_ERROR;
				GCC_WARN_UNDECLARED_SELECTOR = YES;
				GCC_WARN_UNINITIALIZED_AUTOS = YES_AGGRESSIVE;
				GCC_WARN_UNUSED_FUNCTION = YES;
				GCC_WARN_UNUSED_VARIABLE = YES;
				IPHONEOS_DEPLOYMENT_TARGET = 10.3;
				MTL_ENABLE_DEBUG_INFO = NO;
				SDKROOT = iphoneos;
				SWIFT_OPTIMIZATION_LEVEL = "-Owholemodule";
				VALIDATE_PRODUCT = YES;
			};
			name = Release;
		};
		87E4C833203B8FE500548DA4 /* Debug */ = {
			isa = XCBuildConfiguration;
			baseConfigurationReference = F604E2FEB1F47612AAD02AAE /* Pods-instagram.debug.xcconfig */;
			buildSettings = {
				ASSETCATALOG_COMPILER_APPICON_NAME = AppIcon;
				INFOPLIST_FILE = instagram/Info.plist;
				LD_RUNPATH_SEARCH_PATHS = "$(inherited) @executable_path/Frameworks";
				PRODUCT_BUNDLE_IDENTIFIER = edu.csumb.instagram;
				PRODUCT_NAME = "$(TARGET_NAME)";
				SWIFT_VERSION = 3.0;
			};
			name = Debug;
		};
		87E4C834203B8FE500548DA4 /* Release */ = {
			isa = XCBuildConfiguration;
			baseConfigurationReference = F60A5137410DB61D6E5508F9 /* Pods-instagram.release.xcconfig */;
			buildSettings = {
				ASSETCATALOG_COMPILER_APPICON_NAME = AppIcon;
				INFOPLIST_FILE = instagram/Info.plist;
				LD_RUNPATH_SEARCH_PATHS = "$(inherited) @executable_path/Frameworks";
				PRODUCT_BUNDLE_IDENTIFIER = edu.csumb.instagram;
				PRODUCT_NAME = "$(TARGET_NAME)";
				SWIFT_VERSION = 3.0;
			};
			name = Release;
		};
		87E4C836203B8FE500548DA4 /* Debug */ = {
			isa = XCBuildConfiguration;
			baseConfigurationReference = 998722066D3D487E39EDADC3 /* Pods-instagramTests.debug.xcconfig */;
			buildSettings = {
				ALWAYS_EMBED_SWIFT_STANDARD_LIBRARIES = YES;
				BUNDLE_LOADER = "$(TEST_HOST)";
				INFOPLIST_FILE = instagramTests/Info.plist;
				LD_RUNPATH_SEARCH_PATHS = "$(inherited) @executable_path/Frameworks @loader_path/Frameworks";
				PRODUCT_BUNDLE_IDENTIFIER = edu.csumb.instagramTests;
				PRODUCT_NAME = "$(TARGET_NAME)";
				SWIFT_VERSION = 3.0;
				TEST_HOST = "$(BUILT_PRODUCTS_DIR)/instagram.app/instagram";
			};
			name = Debug;
		};
		87E4C837203B8FE500548DA4 /* Release */ = {
			isa = XCBuildConfiguration;
			baseConfigurationReference = 1EEBB784FF387ED84C97ADC2 /* Pods-instagramTests.release.xcconfig */;
			buildSettings = {
				ALWAYS_EMBED_SWIFT_STANDARD_LIBRARIES = YES;
				BUNDLE_LOADER = "$(TEST_HOST)";
				INFOPLIST_FILE = instagramTests/Info.plist;
				LD_RUNPATH_SEARCH_PATHS = "$(inherited) @executable_path/Frameworks @loader_path/Frameworks";
				PRODUCT_BUNDLE_IDENTIFIER = edu.csumb.instagramTests;
				PRODUCT_NAME = "$(TARGET_NAME)";
				SWIFT_VERSION = 3.0;
				TEST_HOST = "$(BUILT_PRODUCTS_DIR)/instagram.app/instagram";
			};
			name = Release;
		};
		87E4C839203B8FE500548DA4 /* Debug */ = {
			isa = XCBuildConfiguration;
			baseConfigurationReference = E8C4AA0752A9380F37011D70 /* Pods-instagramUITests.debug.xcconfig */;
			buildSettings = {
				ALWAYS_EMBED_SWIFT_STANDARD_LIBRARIES = YES;
				INFOPLIST_FILE = instagramUITests/Info.plist;
				LD_RUNPATH_SEARCH_PATHS = "$(inherited) @executable_path/Frameworks @loader_path/Frameworks";
				PRODUCT_BUNDLE_IDENTIFIER = edu.csumb.instagramUITests;
				PRODUCT_NAME = "$(TARGET_NAME)";
				SWIFT_VERSION = 3.0;
				TEST_TARGET_NAME = instagram;
			};
			name = Debug;
		};
		87E4C83A203B8FE500548DA4 /* Release */ = {
			isa = XCBuildConfiguration;
			baseConfigurationReference = 875F38FCA78CE0DE3436FACD /* Pods-instagramUITests.release.xcconfig */;
			buildSettings = {
				ALWAYS_EMBED_SWIFT_STANDARD_LIBRARIES = YES;
				INFOPLIST_FILE = instagramUITests/Info.plist;
				LD_RUNPATH_SEARCH_PATHS = "$(inherited) @executable_path/Frameworks @loader_path/Frameworks";
				PRODUCT_BUNDLE_IDENTIFIER = edu.csumb.instagramUITests;
				PRODUCT_NAME = "$(TARGET_NAME)";
				SWIFT_VERSION = 3.0;
				TEST_TARGET_NAME = instagram;
			};
			name = Release;
		};
/* End XCBuildConfiguration section */

/* Begin XCConfigurationList section */
		87E4C805203B8FE500548DA4 /* Build configuration list for PBXProject "instagram" */ = {
			isa = XCConfigurationList;
			buildConfigurations = (
				87E4C830203B8FE500548DA4 /* Debug */,
				87E4C831203B8FE500548DA4 /* Release */,
			);
			defaultConfigurationIsVisible = 0;
			defaultConfigurationName = Release;
		};
		87E4C832203B8FE500548DA4 /* Build configuration list for PBXNativeTarget "instagram" */ = {
			isa = XCConfigurationList;
			buildConfigurations = (
				87E4C833203B8FE500548DA4 /* Debug */,
				87E4C834203B8FE500548DA4 /* Release */,
			);
			defaultConfigurationIsVisible = 0;
			defaultConfigurationName = Release;
		};
		87E4C835203B8FE500548DA4 /* Build configuration list for PBXNativeTarget "instagramTests" */ = {
			isa = XCConfigurationList;
			buildConfigurations = (
				87E4C836203B8FE500548DA4 /* Debug */,
				87E4C837203B8FE500548DA4 /* Release */,
			);
			defaultConfigurationIsVisible = 0;
			defaultConfigurationName = Release;
		};
		87E4C838203B8FE500548DA4 /* Build configuration list for PBXNativeTarget "instagramUITests" */ = {
			isa = XCConfigurationList;
			buildConfigurations = (
				87E4C839203B8FE500548DA4 /* Debug */,
				87E4C83A203B8FE500548DA4 /* Release */,
			);
			defaultConfigurationIsVisible = 0;
			defaultConfigurationName = Release;
		};
/* End XCConfigurationList section */
	};
	rootObject = 87E4C802203B8FE500548DA4 /* Project object */;
}
